{
    "name": "Werkly",
    "version": "1.0.0",
    "lockfileVersion": 1,
    "requires": true,
    "dependencies": {
        "ag-grid-community": {
            "version": "23.2.1",
            "resolved": "https://registry.npmjs.org/ag-grid-community/-/ag-grid-community-23.2.1.tgz",
            "integrity": "sha512-WHfDV7mFsd6eQJ5yOu26nnpnW7Gd02zcp9LHHfKQky8lfgTEo382qcja7MibHzB2f5vOCBdQnOPsWrbBNKRzhQ=="
        },
        "perfect-scrollbar": {
            "version": "1.5.0",
            "resolved": "https://registry.npmjs.org/perfect-scrollbar/-/perfect-scrollbar-1.5.0.tgz",
            "integrity": "sha512-NrNHJn5mUGupSiheBTy6x+6SXCFbLlm8fVZh9moIzw/LgqElN5q4ncR4pbCBCYuCJ8Kcl9mYM0NgDxvW+b4LxA=="
        }
    }
}
